
Microsoft Visual Studio Solution File, Format Version 12.00
# Visual Studio Version 16
VisualStudioVersion = 25.0.1703.4
MinimumVisualStudioVersion = 10.0.40219.1
Project("{FAE04EC0-301F-11D3-BF4B-00C04F79EFBC}") = "CompleteDotNetCoreWeb", "CompleteDotNetCoreWeb\CompleteDotNetCoreWeb.csproj", "{808CA785-E1EF-40F2-AD4E-045EF4EF3652}"
EndProject
Project("{FAE04EC0-301F-11D3-BF4B-00C04F79EFBC}") = "CompleteDotNetCore.DataAccess", "CompleteDotNetCore.DataAccess\CompleteDotNetCore.DataAccess.csproj", "{63E89B15-2D32-4263-B266-9D4C01984DB0}"
EndProject
Project("{FAE04EC0-301F-11D3-BF4B-00C04F79EFBC}") = "CompleteDotNetCore.Models", "CompleteDotNetCore.Models\CompleteDotNetCore.Models.csproj", "{1B09A724-AF59-4B00-BF64-217182A2FADB}"
EndProject
Project("{FAE04EC0-301F-11D3-BF4B-00C04F79EFBC}") = "CompleteDotNetCore.Utility", "CompleteDotNetCore.Utility\CompleteDotNetCore.Utility.csproj", "{ACB5B7B7-AA9A-4A6F-A3B7-34C6EB846F03}"
EndProject
Global
	GlobalSection(SolutionConfigurationPlatforms) = preSolution
		Debug|Any CPU = Debug|Any CPU
		Release|Any CPU = Release|Any CPU
	EndGlobalSection
	GlobalSection(ProjectConfigurationPlatforms) = postSolution
		{808CA785-E1EF-40F2-AD4E-045EF4EF3652}.Debug|Any CPU.ActiveCfg = Debug|Any CPU
		{808CA785-E1EF-40F2-AD4E-045EF4EF3652}.Debug|Any CPU.Build.0 = Debug|Any CPU
		{808CA785-E1EF-40F2-AD4E-045EF4EF3652}.Release|Any CPU.ActiveCfg = Release|Any CPU
		{808CA785-E1EF-40F2-AD4E-045EF4EF3652}.Release|Any CPU.Build.0 = Release|Any CPU
		{63E89B15-2D32-4263-B266-9D4C01984DB0}.Debug|Any CPU.ActiveCfg = Debug|Any CPU
		{63E89B15-2D32-4263-B266-9D4C01984DB0}.Debug|Any CPU.Build.0 = Debug|Any CPU
		{63E89B15-2D32-4263-B266-9D4C01984DB0}.Release|Any CPU.ActiveCfg = Release|Any CPU
		{63E89B15-2D32-4263-B266-9D4C01984DB0}.Release|Any CPU.Build.0 = Release|Any CPU
		{1B09A724-AF59-4B00-BF64-217182A2FADB}.Debug|Any CPU.ActiveCfg = Debug|Any CPU
		{1B09A724-AF59-4B00-BF64-217182A2FADB}.Debug|Any CPU.Build.0 = Debug|Any CPU
		{1B09A724-AF59-4B00-BF64-217182A2FADB}.Release|Any CPU.ActiveCfg = Release|Any CPU
		{1B09A724-AF59-4B00-BF64-217182A2FADB}.Release|Any CPU.Build.0 = Release|Any CPU
		{ACB5B7B7-AA9A-4A6F-A3B7-34C6EB846F03}.Debug|Any CPU.ActiveCfg = Debug|Any CPU
		{ACB5B7B7-AA9A-4A6F-A3B7-34C6EB846F03}.Debug|Any CPU.Build.0 = Debug|Any CPU
		{ACB5B7B7-AA9A-4A6F-A3B7-34C6EB846F03}.Release|Any CPU.ActiveCfg = Release|Any CPU
		{ACB5B7B7-AA9A-4A6F-A3B7-34C6EB846F03}.Release|Any CPU.Build.0 = Release|Any CPU
	EndGlobalSection
	GlobalSection(SolutionProperties) = preSolution
		HideSolutionNode = FALSE
	EndGlobalSection
	GlobalSection(ExtensibilityGlobals) = postSolution
		SolutionGuid = {E5E1593C-D9E2-4FDB-A922-4678612C5259}
	EndGlobalSection
EndGlobal
